
Microsoft Visual Studio Solution File, Format Version 12.00
# Visual Studio Version 17
VisualStudioVersion = 17.8.34330.188
MinimumVisualStudioVersion = 10.0.40219.1
Project("{9A19103F-16F7-4668-BE54-9A1E7A4F7556}") = "ConsoleApp", "ConsoleApp\ConsoleApp.csproj", "{F0071772-0B1B-4ECF-8D67-422D63D13C11}"
EndProject
Project("{9A19103F-16F7-4668-BE54-9A1E7A4F7556}") = "TypingTestBrain", "TypingTestBrain\TypingTestBrain.csproj", "{90C58C67-BFDA-4756-8949-5F94F0534B8C}"
EndProject
Project("{9A19103F-16F7-4668-BE54-9A1E7A4F7556}") = "TypingTestConsoleUI", "TypingTestConsoleUI\TypingTestConsoleUI.csproj", "{D4AC0137-A21D-4730-86F8-57392420870B}"
EndProject
Project("{2150E333-8FDC-42A3-9474-1A3956D46DE8}") = "Solution Items", "Solution Items", "{430734F5-92A2-4779-8A65-55B2E7569A0F}"
	ProjectSection(SolutionItems) = preProject
		.gitignore = .gitignore
		typingText.txt = typingText.txt
	EndProjectSection
EndProject
Global
	GlobalSection(SolutionConfigurationPlatforms) = preSolution
		Debug|Any CPU = Debug|Any CPU
		Release|Any CPU = Release|Any CPU
	EndGlobalSection
	GlobalSection(ProjectConfigurationPlatforms) = postSolution
		{F0071772-0B1B-4ECF-8D67-422D63D13C11}.Debug|Any CPU.ActiveCfg = Debug|Any CPU
		{F0071772-0B1B-4ECF-8D67-422D63D13C11}.Debug|Any CPU.Build.0 = Debug|Any CPU
		{F0071772-0B1B-4ECF-8D67-422D63D13C11}.Release|Any CPU.ActiveCfg = Release|Any CPU
		{F0071772-0B1B-4ECF-8D67-422D63D13C11}.Release|Any CPU.Build.0 = Release|Any CPU
		{90C58C67-BFDA-4756-8949-5F94F0534B8C}.Debug|Any CPU.ActiveCfg = Debug|Any CPU
		{90C58C67-BFDA-4756-8949-5F94F0534B8C}.Debug|Any CPU.Build.0 = Debug|Any CPU
		{90C58C67-BFDA-4756-8949-5F94F0534B8C}.Release|Any CPU.ActiveCfg = Release|Any CPU
		{90C58C67-BFDA-4756-8949-5F94F0534B8C}.Release|Any CPU.Build.0 = Release|Any CPU
		{D4AC0137-A21D-4730-86F8-57392420870B}.Debug|Any CPU.ActiveCfg = Debug|Any CPU
		{D4AC0137-A21D-4730-86F8-57392420870B}.Debug|Any CPU.Build.0 = Debug|Any CPU
		{D4AC0137-A21D-4730-86F8-57392420870B}.Release|Any CPU.ActiveCfg = Release|Any CPU
		{D4AC0137-A21D-4730-86F8-57392420870B}.Release|Any CPU.Build.0 = Release|Any CPU
	EndGlobalSection
	GlobalSection(SolutionProperties) = preSolution
		HideSolutionNode = FALSE
	EndGlobalSection
	GlobalSection(ExtensibilityGlobals) = postSolution
		SolutionGuid = {21386C0C-9D77-433B-B746-D48FCA176395}
	EndGlobalSection
EndGlobal
